{
  "name": "material-kit-react",
  "version": "1.10.0",
  "lockfileVersion": 1,
  "requires": true,
  "dependencies": {
    "node": {
      "version": "16.4.0",
      "resolved": "https://registry.npmjs.org/node/-/node-16.4.0.tgz",
      "integrity": "sha512-6HFwNVm88RTjuMJVkvTq0TozF0fZdvtq56K5LStRaVJ4x3xQsax+P5sLsp3OChTsRlqr80eqoQ+mLggYXJte/g==",
      "requires": {
        "node-bin-setup": "^1.0.0"
      }
    },
    "node-bin-setup": {
      "version": "1.0.6",
      "resolved": "https://registry.npmjs.org/node-bin-setup/-/node-bin-setup-1.0.6.tgz",
      "integrity": "sha512-uPIxXNis1CRbv1DwqAxkgBk5NFV3s7cMN/Gf556jSw6jBvV7ca4F9lRL/8cALcZecRibeqU+5dFYqFFmzv5a0Q=="
    },
    "nvm": {
      "version": "0.0.4",
      "resolved": "https://registry.npmjs.org/nvm/-/nvm-0.0.4.tgz",
      "integrity": "sha1-OKF46dMbKDUIyS0VydqGHRqSELw="
    }
  }
}
