set search_path to gidderbaha;

update eg_bill set is_cancelled='Y' where id_demand in (select id from eg_demand where id in
(select demand from egwtr_demand_connection where connectiondetails in (select id from egwtr_connectiondetails where connection in
(select id from egwtr_connection where consumercode in ('1602003423','1602001513','1602001509','1602001501','1602001409','1602001483','1602001480','1602001479','1602001441','1602001440','1602001437','1602001432','1602001431','1602001430','1602001429','1602001426','1602001419','1602001418','1602001416','1602001395','1602001360','1602001342','1602001322','1602001315','1602001314','1602001312','1602001311','1602001304','1602001290','1602001289','1602001286','1602001282','1602001277','1602001276','1602001274','1602001273','1602001266','1602001201','1602000991','1602000987','1602000647','1602000445')))) and id_installment=127);

update eg_demand set is_history='Y' where id in (select demand from egwtr_demand_connection where connectiondetails in (select id from egwtr_connectiondetails where connection in
(select id from egwtr_connection where consumercode in ('1602003423','1602001513','1602001509','1602001501','1602001409','1602001483','1602001480','1602001479','1602001441','1602001440','1602001437','1602001432','1602001431','1602001430','1602001429','1602001426','1602001419','1602001418','1602001416','1602001395','1602001360','1602001342','1602001322','1602001315','1602001314','1602001312','1602001311','1602001304','1602001290','1602001289','1602001286','1602001282','1602001277','1602001276','1602001274','1602001273','1602001266','1602001201','1602000991','1602000987','1602000647','1602000445'))))
and id_installment=127 and is_history='N';